// !$*UTF8*$!
{
	archiveVersion = 1;
	classes = {
	};
	objectVersion = 50;
	objects = {

/* Begin PBXBuildFile section */
		560E6019262AB39300918B17 /* 3460.cpp in Sources */ = {isa = PBXBuildFile; fileRef = 560E6018262AB39300918B17 /* 3460.cpp */; };
		560E601B262AB7A700918B17 /* 10818.cpp in Sources */ = {isa = PBXBuildFile; fileRef = 560E601A262AB7A700918B17 /* 10818.cpp */; };
		560E601D262AB9DE00918B17 /* 10870.cpp in Sources */ = {isa = PBXBuildFile; fileRef = 560E601C262AB9DE00918B17 /* 10870.cpp */; };
		560E601F262ABAEC00918B17 /* 2581.cpp in Sources */ = {isa = PBXBuildFile; fileRef = 560E601E262ABAEC00918B17 /* 2581.cpp */; };
		560E6021262AC06700918B17 /* 14888.cpp in Sources */ = {isa = PBXBuildFile; fileRef = 560E6020262AC06700918B17 /* 14888.cpp */; };
		560E6023262BF48300918B17 /* 2504.cpp in Sources */ = {isa = PBXBuildFile; fileRef = 560E6022262BF48300918B17 /* 2504.cpp */; };
		56C9B858262AAD2100B06EC5 /* 2501.cpp in Sources */ = {isa = PBXBuildFile; fileRef = 56C9B857262AAD2100B06EC5 /* 2501.cpp */; };
/* End PBXBuildFile section */

/* Begin PBXCopyFilesBuildPhase section */
		56C9B852262AAD2100B06EC5 /* CopyFiles */ = {
			isa = PBXCopyFilesBuildPhase;
			buildActionMask = 2147483647;
			dstPath = /usr/share/man/man1/;
			dstSubfolderSpec = 0;
			files = (
			);
			runOnlyForDeploymentPostprocessing = 1;
		};
/* End PBXCopyFilesBuildPhase section */

/* Begin PBXFileReference section */
		560E6018262AB39300918B17 /* 3460.cpp */ = {isa = PBXFileReference; lastKnownFileType = sourcecode.cpp.cpp; path = 3460.cpp; sourceTree = "<group>"; };
		560E601A262AB7A700918B17 /* 10818.cpp */ = {isa = PBXFileReference; lastKnownFileType = sourcecode.cpp.cpp; path = 10818.cpp; sourceTree = "<group>"; };
		560E601C262AB9DE00918B17 /* 10870.cpp */ = {isa = PBXFileReference; lastKnownFileType = sourcecode.cpp.cpp; path = 10870.cpp; sourceTree = "<group>"; };
		560E601E262ABAEC00918B17 /* 2581.cpp */ = {isa = PBXFileReference; lastKnownFileType = sourcecode.cpp.cpp; path = 2581.cpp; sourceTree = "<group>"; };
		560E6020262AC06700918B17 /* 14888.cpp */ = {isa = PBXFileReference; lastKnownFileType = sourcecode.cpp.cpp; path = 14888.cpp; sourceTree = "<group>"; };
		560E6022262BF48300918B17 /* 2504.cpp */ = {isa = PBXFileReference; lastKnownFileType = sourcecode.cpp.cpp; path = 2504.cpp; sourceTree = "<group>"; };
		56C9B854262AAD2100B06EC5 /* algorithm_20210417 */ = {isa = PBXFileReference; explicitFileType = "compiled.mach-o.executable"; includeInIndex = 0; path = algorithm_20210417; sourceTree = BUILT_PRODUCTS_DIR; };
		56C9B857262AAD2100B06EC5 /* 2501.cpp */ = {isa = PBXFileReference; lastKnownFileType = sourcecode.cpp.cpp; path = 2501.cpp; sourceTree = "<group>"; };
/* End PBXFileReference section */

/* Begin PBXFrameworksBuildPhase section */
		56C9B851262AAD2100B06EC5 /* Frameworks */ = {
			isa = PBXFrameworksBuildPhase;
			buildActionMask = 2147483647;
			files = (
			);
			runOnlyForDeploymentPostprocessing = 0;
		};
/* End PBXFrameworksBuildPhase section */

/* Begin PBXGroup section */
		56C9B84B262AAD2100B06EC5 = {
			isa = PBXGroup;
			children = (
				56C9B856262AAD2100B06EC5 /* algorithm_20210417 */,
				56C9B855262AAD2100B06EC5 /* Products */,
			);
			sourceTree = "<group>";
		};
		56C9B855262AAD2100B06EC5 /* Products */ = {
			isa = PBXGroup;
			children = (
				56C9B854262AAD2100B06EC5 /* algorithm_20210417 */,
			);
			name = Products;
			sourceTree = "<group>";
		};
		56C9B856262AAD2100B06EC5 /* algorithm_20210417 */ = {
			isa = PBXGroup;
			children = (
				56C9B857262AAD2100B06EC5 /* 2501.cpp */,
				560E6018262AB39300918B17 /* 3460.cpp */,
				560E601A262AB7A700918B17 /* 10818.cpp */,
				560E6022262BF48300918B17 /* 2504.cpp */,
				560E6020262AC06700918B17 /* 14888.cpp */,
				560E601C262AB9DE00918B17 /* 10870.cpp */,
				560E601E262ABAEC00918B17 /* 2581.cpp */,
			);
			path = algorithm_20210417;
			sourceTree = "<group>";
		};
/* End PBXGroup section */

/* Begin PBXNativeTarget section */
		56C9B853262AAD2100B06EC5 /* algorithm_20210417 */ = {
			isa = PBXNativeTarget;
			buildConfigurationList = 56C9B85B262AAD2100B06EC5 /* Build configuration list for PBXNativeTarget "algorithm_20210417" */;
			buildPhases = (
				56C9B850262AAD2100B06EC5 /* Sources */,
				56C9B851262AAD2100B06EC5 /* Frameworks */,
				56C9B852262AAD2100B06EC5 /* CopyFiles */,
			);
			buildRules = (
			);
			dependencies = (
			);
			name = algorithm_20210417;
			productName = algorithm_20210417;
			productReference = 56C9B854262AAD2100B06EC5 /* algorithm_20210417 */;
			productType = "com.apple.product-type.tool";
		};
/* End PBXNativeTarget section */

/* Begin PBXProject section */
		56C9B84C262AAD2100B06EC5 /* Project object */ = {
			isa = PBXProject;
			attributes = {
				LastUpgradeCheck = 0940;
				ORGANIZATIONNAME = "김건회";
				TargetAttributes = {
					56C9B853262AAD2100B06EC5 = {
						CreatedOnToolsVersion = 9.4.1;
					};
				};
			};
			buildConfigurationList = 56C9B84F262AAD2100B06EC5 /* Build configuration list for PBXProject "algorithm_20210417" */;
			compatibilityVersion = "Xcode 9.3";
			developmentRegion = en;
			hasScannedForEncodings = 0;
			knownRegions = (
				en,
			);
			mainGroup = 56C9B84B262AAD2100B06EC5;
			productRefGroup = 56C9B855262AAD2100B06EC5 /* Products */;
			projectDirPath = "";
			projectRoot = "";
			targets = (
				56C9B853262AAD2100B06EC5 /* algorithm_20210417 */,
			);
		};
/* End PBXProject section */

/* Begin PBXSourcesBuildPhase section */
		56C9B850262AAD2100B06EC5 /* Sources */ = {
			isa = PBXSourcesBuildPhase;
			buildActionMask = 2147483647;
			files = (
				560E6023262BF48300918B17 /* 2504.cpp in Sources */,
				560E6019262AB39300918B17 /* 3460.cpp in Sources */,
				560E601B262AB7A700918B17 /* 10818.cpp in Sources */,
				560E601D262AB9DE00918B17 /* 10870.cpp in Sources */,
				560E6021262AC06700918B17 /* 14888.cpp in Sources */,
				56C9B858262AAD2100B06EC5 /* 2501.cpp in Sources */,
				560E601F262ABAEC00918B17 /* 2581.cpp in Sources */,
			);
			runOnlyForDeploymentPostprocessing = 0;
		};
/* End PBXSourcesBuildPhase section */

/* Begin XCBuildConfiguration section */
		56C9B859262AAD2100B06EC5 /* Debug */ = {
			isa = XCBuildConfiguration;
			buildSettings = {
				ALWAYS_SEARCH_USER_PATHS = NO;
				CLANG_ANALYZER_NONNULL = YES;
				CLANG_ANALYZER_NUMBER_OBJECT_CONVERSION = YES_AGGRESSIVE;
				CLANG_CXX_LANGUAGE_STANDARD = "gnu++14";
				CLANG_CXX_LIBRARY = "libc++";
				CLANG_ENABLE_MODULES = YES;
				CLANG_ENABLE_OBJC_ARC = YES;
				CLANG_ENABLE_OBJC_WEAK = YES;
				CLANG_WARN_BLOCK_CAPTURE_AUTORELEASING = YES;
				CLANG_WARN_BOOL_CONVERSION = YES;
				CLANG_WARN_COMMA = YES;
				CLANG_WARN_CONSTANT_CONVERSION = YES;
				CLANG_WARN_DEPRECATED_OBJC_IMPLEMENTATIONS = YES;
				CLANG_WARN_DIRECT_OBJC_ISA_USAGE = YES_ERROR;
				CLANG_WARN_DOCUMENTATION_COMMENTS = YES;
				CLANG_WARN_EMPTY_BODY = YES;
				CLANG_WARN_ENUM_CONVERSION = YES;
				CLANG_WARN_INFINITE_RECURSION = YES;
				CLANG_WARN_INT_CONVERSION = YES;
				CLANG_WARN_NON_LITERAL_NULL_CONVERSION = YES;
				CLANG_WARN_OBJC_IMPLICIT_RETAIN_SELF = YES;
				CLANG_WARN_OBJC_LITERAL_CONVERSION = YES;
				CLANG_WARN_OBJC_ROOT_CLASS = YES_ERROR;
				CLANG_WARN_RANGE_LOOP_ANALYSIS = YES;
				CLANG_WARN_STRICT_PROTOTYPES = YES;
				CLANG_WARN_SUSPICIOUS_MOVE = YES;
				CLANG_WARN_UNGUARDED_AVAILABILITY = YES_AGGRESSIVE;
				CLANG_WARN_UNREACHABLE_CODE = YES;
				CLANG_WARN__DUPLICATE_METHOD_MATCH = YES;
				CODE_SIGN_IDENTITY = "-";
				COPY_PHASE_STRIP = NO;
				DEBUG_INFORMATION_FORMAT = dwarf;
				ENABLE_STRICT_OBJC_MSGSEND = YES;
				ENABLE_TESTABILITY = YES;
				GCC_C_LANGUAGE_STANDARD = gnu11;
				GCC_DYNAMIC_NO_PIC = NO;
				GCC_NO_COMMON_BLOCKS = YES;
				GCC_OPTIMIZATION_LEVEL = 0;
				GCC_PREPROCESSOR_DEFINITIONS = (
					"DEBUG=1",
					"$(inherited)",
				);
				GCC_WARN_64_TO_32_BIT_CONVERSION = YES;
				GCC_WARN_ABOUT_RETURN_TYPE = YES_ERROR;
				GCC_WARN_UNDECLARED_SELECTOR = YES;
				GCC_WARN_UNINITIALIZED_AUTOS = YES_AGGRESSIVE;
				GCC_WARN_UNUSED_FUNCTION = YES;
				GCC_WARN_UNUSED_VARIABLE = YES;
				MACOSX_DEPLOYMENT_TARGET = 10.13;
				MTL_ENABLE_DEBUG_INFO = YES;
				ONLY_ACTIVE_ARCH = YES;
				SDKROOT = macosx;
			};
			name = Debug;
		};
		56C9B85A262AAD2100B06EC5 /* Release */ = {
			isa = XCBuildConfiguration;
			buildSettings = {
				ALWAYS_SEARCH_USER_PATHS = NO;
				CLANG_ANALYZER_NONNULL = YES;
				CLANG_ANALYZER_NUMBER_OBJECT_CONVERSION = YES_AGGRESSIVE;
				CLANG_CXX_LANGUAGE_STANDARD = "gnu++14";
				CLANG_CXX_LIBRARY = "libc++";
				CLANG_ENABLE_MODULES = YES;
				CLANG_ENABLE_OBJC_ARC = YES;
				CLANG_ENABLE_OBJC_WEAK = YES;
				CLANG_WARN_BLOCK_CAPTURE_AUTORELEASING = YES;
				CLANG_WARN_BOOL_CONVERSION = YES;
				CLANG_WARN_COMMA = YES;
				CLANG_WARN_CONSTANT_CONVERSION = YES;
				CLANG_WARN_DEPRECATED_OBJC_IMPLEMENTATIONS = YES;
				CLANG_WARN_DIRECT_OBJC_ISA_USAGE = YES_ERROR;
				CLANG_WARN_DOCUMENTATION_COMMENTS = YES;
				CLANG_WARN_EMPTY_BODY = YES;
				CLANG_WARN_ENUM_CONVERSION = YES;
				CLANG_WARN_INFINITE_RECURSION = YES;
				CLANG_WARN_INT_CONVERSION = YES;
				CLANG_WARN_NON_LITERAL_NULL_CONVERSION = YES;
				CLANG_WARN_OBJC_IMPLICIT_RETAIN_SELF = YES;
				CLANG_WARN_OBJC_LITERAL_CONVERSION = YES;
				CLANG_WARN_OBJC_ROOT_CLASS = YES_ERROR;
				CLANG_WARN_RANGE_LOOP_ANALYSIS = YES;
				CLANG_WARN_STRICT_PROTOTYPES = YES;
				CLANG_WARN_SUSPICIOUS_MOVE = YES;
				CLANG_WARN_UNGUARDED_AVAILABILITY = YES_AGGRESSIVE;
				CLANG_WARN_UNREACHABLE_CODE = YES;
				CLANG_WARN__DUPLICATE_METHOD_MATCH = YES;
				CODE_SIGN_IDENTITY = "-";
				COPY_PHASE_STRIP = NO;
				DEBUG_INFORMATION_FORMAT = "dwarf-with-dsym";
				ENABLE_NS_ASSERTIONS = NO;
				ENABLE_STRICT_OBJC_MSGSEND = YES;
				GCC_C_LANGUAGE_STANDARD = gnu11;
				GCC_NO_COMMON_BLOCKS = YES;
				GCC_WARN_64_TO_32_BIT_CONVERSION = YES;
				GCC_WARN_ABOUT_RETURN_TYPE = YES_ERROR;
				GCC_WARN_UNDECLARED_SELECTOR = YES;
				GCC_WARN_UNINITIALIZED_AUTOS = YES_AGGRESSIVE;
				GCC_WARN_UNUSED_FUNCTION = YES;
				GCC_WARN_UNUSED_VARIABLE = YES;
				MACOSX_DEPLOYMENT_TARGET = 10.13;
				MTL_ENABLE_DEBUG_INFO = NO;
				SDKROOT = macosx;
			};
			name = Release;
		};
		56C9B85C262AAD2100B06EC5 /* Debug */ = {
			isa = XCBuildConfiguration;
			buildSettings = {
				CODE_SIGN_STYLE = Automatic;
				PRODUCT_NAME = "$(TARGET_NAME)";
			};
			name = Debug;
		};
		56C9B85D262AAD2100B06EC5 /* Release */ = {
			isa = XCBuildConfiguration;
			buildSettings = {
				CODE_SIGN_STYLE = Automatic;
				PRODUCT_NAME = "$(TARGET_NAME)";
			};
			name = Release;
		};
/* End XCBuildConfiguration section */

/* Begin XCConfigurationList section */
		56C9B84F262AAD2100B06EC5 /* Build configuration list for PBXProject "algorithm_20210417" */ = {
			isa = XCConfigurationList;
			buildConfigurations = (
				56C9B859262AAD2100B06EC5 /* Debug */,
				56C9B85A262AAD2100B06EC5 /* Release */,
			);
			defaultConfigurationIsVisible = 0;
			defaultConfigurationName = Release;
		};
		56C9B85B262AAD2100B06EC5 /* Build configuration list for PBXNativeTarget "algorithm_20210417" */ = {
			isa = XCConfigurationList;
			buildConfigurations = (
				56C9B85C262AAD2100B06EC5 /* Debug */,
				56C9B85D262AAD2100B06EC5 /* Release */,
			);
			defaultConfigurationIsVisible = 0;
			defaultConfigurationName = Release;
		};
/* End XCConfigurationList section */
	};
	rootObject = 56C9B84C262AAD2100B06EC5 /* Project object */;
}
